github.com/dhowden/tag v0.0.0-20200412032933-5d76b8eaae27 h1:Z6xaGRBbqfLR797upHuzQ6w4zg33BLKfAKtVCcmMDgg=
github.com/dhowden/tag v0.0.0-20200412032933-5d76b8eaae27/go.mod h1:SniNVYuaD1jmdEEvi+7ywb1QFR7agjeTdGKyFb0p7Rw=
github.com/dwbuiten/go-mediainfo v0.0.0-20150630175133-91f51f40c56a h1:5dKYhlCX45i0ROjo26xTPKcSQ2F3PhqCIWarOL0URtg=
github.com/dwbuiten/go-mediainfo v0.0.0-20150630175133-91f51f40c56a/go.mod h1:UsanyGQ/8HfLFaKSIptaNf7l6Wfu5/RjVDRNeaZaTR0=
github.com/lbryio/go_mediainfo v0.0.0-20200109212001-4c7318fd92ad h1:sfsYsbQXjA1uE51yFNtv4k79yMBzeGgAusK6KrLrcYs=
github.com/lbryio/go_mediainfo v0.0.0-20200109212001-4c7318fd92ad/go.mod h1:xJtOuuGAo32jLOmrdBWRCURfahqz6OvK/hdSLhmYA38=
